// !$*UTF8*$!
{
	archiveVersion = 1;
	classes = {
	};
	objectVersion = 46;
	objects = {

/* Begin PBXBuildFile section */
		470BBFC71D45B4F200F90170 /* BatchSelectionTableViewCell.swift in Sources */ = {isa = PBXBuildFile; fileRef = 470BBFC61D45B4F200F90170 /* BatchSelectionTableViewCell.swift */; };
		471EB62A1D3D7A6F00A8B8C7 /* AppDelegate.swift in Sources */ = {isa = PBXBuildFile; fileRef = 471EB6291D3D7A6F00A8B8C7 /* AppDelegate.swift */; };
		471EB62F1D3D7A6F00A8B8C7 /* Main.storyboard in Resources */ = {isa = PBXBuildFile; fileRef = 471EB62D1D3D7A6F00A8B8C7 /* Main.storyboard */; };
		471EB6321D3D7A6F00A8B8C7 /* Timer.xcdatamodeld in Sources */ = {isa = PBXBuildFile; fileRef = 471EB6301D3D7A6F00A8B8C7 /* Timer.xcdatamodeld */; };
		471EB6341D3D7A6F00A8B8C7 /* Assets.xcassets in Resources */ = {isa = PBXBuildFile; fileRef = 471EB6331D3D7A6F00A8B8C7 /* Assets.xcassets */; };
		471EB6371D3D7A6F00A8B8C7 /* LaunchScreen.storyboard in Resources */ = {isa = PBXBuildFile; fileRef = 471EB6351D3D7A6F00A8B8C7 /* LaunchScreen.storyboard */; };
		471EB63F1D3D83D600A8B8C7 /* TimerTableViewCell.swift in Sources */ = {isa = PBXBuildFile; fileRef = 471EB63E1D3D83D600A8B8C7 /* TimerTableViewCell.swift */; };
		471EB6411D3D83DD00A8B8C7 /* TimerTableViewController.swift in Sources */ = {isa = PBXBuildFile; fileRef = 471EB6401D3D83DD00A8B8C7 /* TimerTableViewController.swift */; };
		471EB6491D3D875400A8B8C7 /* Timer+CoreDataProperties.swift in Sources */ = {isa = PBXBuildFile; fileRef = 471EB6431D3D875400A8B8C7 /* Timer+CoreDataProperties.swift */; };
		471EB64A1D3D875400A8B8C7 /* Timer.swift in Sources */ = {isa = PBXBuildFile; fileRef = 471EB6441D3D875400A8B8C7 /* Timer.swift */; };
		471EB64B1D3D875400A8B8C7 /* Project+CoreDataProperties.swift in Sources */ = {isa = PBXBuildFile; fileRef = 471EB6451D3D875400A8B8C7 /* Project+CoreDataProperties.swift */; };
		471EB64C1D3D875400A8B8C7 /* Project.swift in Sources */ = {isa = PBXBuildFile; fileRef = 471EB6461D3D875400A8B8C7 /* Project.swift */; };
		471EB64D1D3D875400A8B8C7 /* Session+CoreDataProperties.swift in Sources */ = {isa = PBXBuildFile; fileRef = 471EB6471D3D875400A8B8C7 /* Session+CoreDataProperties.swift */; };
		471EB64E1D3D875400A8B8C7 /* Session.swift in Sources */ = {isa = PBXBuildFile; fileRef = 471EB6481D3D875400A8B8C7 /* Session.swift */; };
		472A1C981D3DC6BC00B3EED2 /* NewTimerTableViewController.swift in Sources */ = {isa = PBXBuildFile; fileRef = 472A1C971D3DC6BC00B3EED2 /* NewTimerTableViewController.swift */; };
		472A1C9B1D3DD72500B3EED2 /* NewTimerTableViewCell.swift in Sources */ = {isa = PBXBuildFile; fileRef = 472A1C9A1D3DD72500B3EED2 /* NewTimerTableViewCell.swift */; };
		478976E11D3EDC2C005B3BE4 /* AddNewProjectTableViewCell.swift in Sources */ = {isa = PBXBuildFile; fileRef = 478976E01D3EDC2C005B3BE4 /* AddNewProjectTableViewCell.swift */; };
/* End PBXBuildFile section */

/* Begin PBXFileReference section */
		470BBFC61D45B4F200F90170 /* BatchSelectionTableViewCell.swift */ = {isa = PBXFileReference; fileEncoding = 4; lastKnownFileType = sourcecode.swift; path = BatchSelectionTableViewCell.swift; sourceTree = "<group>"; };
		471EB6261D3D7A6E00A8B8C7 /* Timer.app */ = {isa = PBXFileReference; explicitFileType = wrapper.application; includeInIndex = 0; path = Timer.app; sourceTree = BUILT_PRODUCTS_DIR; };
		471EB6291D3D7A6F00A8B8C7 /* AppDelegate.swift */ = {isa = PBXFileReference; lastKnownFileType = sourcecode.swift; path = AppDelegate.swift; sourceTree = "<group>"; };
		471EB62E1D3D7A6F00A8B8C7 /* Base */ = {isa = PBXFileReference; lastKnownFileType = file.storyboard; name = Base; path = Base.lproj/Main.storyboard; sourceTree = "<group>"; };
		471EB6311D3D7A6F00A8B8C7 /* Timer.xcdatamodel */ = {isa = PBXFileReference; lastKnownFileType = wrapper.xcdatamodel; path = Timer.xcdatamodel; sourceTree = "<group>"; };
		471EB6331D3D7A6F00A8B8C7 /* Assets.xcassets */ = {isa = PBXFileReference; lastKnownFileType = folder.assetcatalog; path = Assets.xcassets; sourceTree = "<group>"; };
		471EB6361D3D7A6F00A8B8C7 /* Base */ = {isa = PBXFileReference; lastKnownFileType = file.storyboard; name = Base; path = Base.lproj/LaunchScreen.storyboard; sourceTree = "<group>"; };
		471EB6381D3D7A6F00A8B8C7 /* Info.plist */ = {isa = PBXFileReference; lastKnownFileType = text.plist.xml; path = Info.plist; sourceTree = "<group>"; };
		471EB63E1D3D83D600A8B8C7 /* TimerTableViewCell.swift */ = {isa = PBXFileReference; fileEncoding = 4; lastKnownFileType = sourcecode.swift; path = TimerTableViewCell.swift; sourceTree = "<group>"; };
		471EB6401D3D83DD00A8B8C7 /* TimerTableViewController.swift */ = {isa = PBXFileReference; fileEncoding = 4; lastKnownFileType = sourcecode.swift; path = TimerTableViewController.swift; sourceTree = "<group>"; };
		471EB6431D3D875400A8B8C7 /* Timer+CoreDataProperties.swift */ = {isa = PBXFileReference; fileEncoding = 4; lastKnownFileType = sourcecode.swift; path = "Timer+CoreDataProperties.swift"; sourceTree = "<group>"; };
		471EB6441D3D875400A8B8C7 /* Timer.swift */ = {isa = PBXFileReference; fileEncoding = 4; lastKnownFileType = sourcecode.swift; path = Timer.swift; sourceTree = "<group>"; };
		471EB6451D3D875400A8B8C7 /* Project+CoreDataProperties.swift */ = {isa = PBXFileReference; fileEncoding = 4; lastKnownFileType = sourcecode.swift; path = "Project+CoreDataProperties.swift"; sourceTree = "<group>"; };
		471EB6461D3D875400A8B8C7 /* Project.swift */ = {isa = PBXFileReference; fileEncoding = 4; lastKnownFileType = sourcecode.swift; path = Project.swift; sourceTree = "<group>"; };
		471EB6471D3D875400A8B8C7 /* Session+CoreDataProperties.swift */ = {isa = PBXFileReference; fileEncoding = 4; lastKnownFileType = sourcecode.swift; path = "Session+CoreDataProperties.swift"; sourceTree = "<group>"; };
		471EB6481D3D875400A8B8C7 /* Session.swift */ = {isa = PBXFileReference; fileEncoding = 4; lastKnownFileType = sourcecode.swift; path = Session.swift; sourceTree = "<group>"; };
		472A1C971D3DC6BC00B3EED2 /* NewTimerTableViewController.swift */ = {isa = PBXFileReference; fileEncoding = 4; lastKnownFileType = sourcecode.swift; path = NewTimerTableViewController.swift; sourceTree = "<group>"; };
		472A1C9A1D3DD72500B3EED2 /* NewTimerTableViewCell.swift */ = {isa = PBXFileReference; fileEncoding = 4; lastKnownFileType = sourcecode.swift; path = NewTimerTableViewCell.swift; sourceTree = "<group>"; };
		478976E01D3EDC2C005B3BE4 /* AddNewProjectTableViewCell.swift */ = {isa = PBXFileReference; fileEncoding = 4; lastKnownFileType = sourcecode.swift; path = AddNewProjectTableViewCell.swift; sourceTree = "<group>"; };
/* End PBXFileReference section */

/* Begin PBXFrameworksBuildPhase section */
		471EB6231D3D7A6E00A8B8C7 /* Frameworks */ = {
			isa = PBXFrameworksBuildPhase;
			buildActionMask = 2147483647;
			files = (
			);
			runOnlyForDeploymentPostprocessing = 0;
		};
/* End PBXFrameworksBuildPhase section */

/* Begin PBXGroup section */
		471EB61D1D3D7A6E00A8B8C7 = {
			isa = PBXGroup;
			children = (
				471EB6281D3D7A6E00A8B8C7 /* Timer */,
				471EB6271D3D7A6E00A8B8C7 /* Products */,
			);
			sourceTree = "<group>";
		};
		471EB6271D3D7A6E00A8B8C7 /* Products */ = {
			isa = PBXGroup;
			children = (
				471EB6261D3D7A6E00A8B8C7 /* Timer.app */,
			);
			name = Products;
			sourceTree = "<group>";
		};
		471EB6281D3D7A6E00A8B8C7 /* Timer */ = {
			isa = PBXGroup;
			children = (
				471EB63E1D3D83D600A8B8C7 /* TimerTableViewCell.swift */,
				471EB6401D3D83DD00A8B8C7 /* TimerTableViewController.swift */,
				470BBFC61D45B4F200F90170 /* BatchSelectionTableViewCell.swift */,
				471EB6291D3D7A6F00A8B8C7 /* AppDelegate.swift */,
				471EB62D1D3D7A6F00A8B8C7 /* Main.storyboard */,
				472A1C991D3DC6C200B3EED2 /* NewTimer */,
				471EB6331D3D7A6F00A8B8C7 /* Assets.xcassets */,
				471EB6351D3D7A6F00A8B8C7 /* LaunchScreen.storyboard */,
				471EB6381D3D7A6F00A8B8C7 /* Info.plist */,
				471EB6421D3D874600A8B8C7 /* Data Model */,
			);
			path = Timer;
			sourceTree = "<group>";
		};
		471EB6421D3D874600A8B8C7 /* Data Model */ = {
			isa = PBXGroup;
			children = (
				471EB6301D3D7A6F00A8B8C7 /* Timer.xcdatamodeld */,
				471EB6431D3D875400A8B8C7 /* Timer+CoreDataProperties.swift */,
				471EB6451D3D875400A8B8C7 /* Project+CoreDataProperties.swift */,
				471EB6471D3D875400A8B8C7 /* Session+CoreDataProperties.swift */,
				471EB6461D3D875400A8B8C7 /* Project.swift */,
				471EB6441D3D875400A8B8C7 /* Timer.swift */,
				471EB6481D3D875400A8B8C7 /* Session.swift */,
			);
			name = "Data Model";
			sourceTree = "<group>";
		};
		472A1C991D3DC6C200B3EED2 /* NewTimer */ = {
			isa = PBXGroup;
			children = (
				472A1C9A1D3DD72500B3EED2 /* NewTimerTableViewCell.swift */,
				472A1C971D3DC6BC00B3EED2 /* NewTimerTableViewController.swift */,
				478976E01D3EDC2C005B3BE4 /* AddNewProjectTableViewCell.swift */,
			);
			name = NewTimer;
			sourceTree = "<group>";
		};
/* End PBXGroup section */

/* Begin PBXNativeTarget section */
		471EB6251D3D7A6E00A8B8C7 /* Timer */ = {
			isa = PBXNativeTarget;
			buildConfigurationList = 471EB63B1D3D7A6F00A8B8C7 /* Build configuration list for PBXNativeTarget "Timer" */;
			buildPhases = (
				471EB6221D3D7A6E00A8B8C7 /* Sources */,
				471EB6231D3D7A6E00A8B8C7 /* Frameworks */,
				471EB6241D3D7A6E00A8B8C7 /* Resources */,
			);
			buildRules = (
			);
			dependencies = (
			);
			name = Timer;
			productName = Timer;
			productReference = 471EB6261D3D7A6E00A8B8C7 /* Timer.app */;
			productType = "com.apple.product-type.application";
		};
/* End PBXNativeTarget section */

/* Begin PBXProject section */
		471EB61E1D3D7A6E00A8B8C7 /* Project object */ = {
			isa = PBXProject;
			attributes = {
				LastSwiftUpdateCheck = 0730;
				LastUpgradeCheck = 0730;
				ORGANIZATIONNAME = "Hyunkyu Lee";
				TargetAttributes = {
					471EB6251D3D7A6E00A8B8C7 = {
						CreatedOnToolsVersion = 7.3.1;
						DevelopmentTeam = 7WY88RT397;
					};
				};
			};
			buildConfigurationList = 471EB6211D3D7A6E00A8B8C7 /* Build configuration list for PBXProject "Timer" */;
			compatibilityVersion = "Xcode 3.2";
			developmentRegion = English;
			hasScannedForEncodings = 0;
			knownRegions = (
				en,
				Base,
			);
			mainGroup = 471EB61D1D3D7A6E00A8B8C7;
			productRefGroup = 471EB6271D3D7A6E00A8B8C7 /* Products */;
			projectDirPath = "";
			projectRoot = "";
			targets = (
				471EB6251D3D7A6E00A8B8C7 /* Timer */,
			);
		};
/* End PBXProject section */

/* Begin PBXResourcesBuildPhase section */
		471EB6241D3D7A6E00A8B8C7 /* Resources */ = {
			isa = PBXResourcesBuildPhase;
			buildActionMask = 2147483647;
			files = (
				471EB6371D3D7A6F00A8B8C7 /* LaunchScreen.storyboard in Resources */,
				471EB6341D3D7A6F00A8B8C7 /* Assets.xcassets in Resources */,
				471EB62F1D3D7A6F00A8B8C7 /* Main.storyboard in Resources */,
			);
			runOnlyForDeploymentPostprocessing = 0;
		};
/* End PBXResourcesBuildPhase section */

/* Begin PBXSourcesBuildPhase section */
		471EB6221D3D7A6E00A8B8C7 /* Sources */ = {
			isa = PBXSourcesBuildPhase;
			buildActionMask = 2147483647;
			files = (
				471EB64E1D3D875400A8B8C7 /* Session.swift in Sources */,
				471EB64D1D3D875400A8B8C7 /* Session+CoreDataProperties.swift in Sources */,
				471EB6321D3D7A6F00A8B8C7 /* Timer.xcdatamodeld in Sources */,
				471EB6411D3D83DD00A8B8C7 /* TimerTableViewController.swift in Sources */,
				478976E11D3EDC2C005B3BE4 /* AddNewProjectTableViewCell.swift in Sources */,
				470BBFC71D45B4F200F90170 /* BatchSelectionTableViewCell.swift in Sources */,
				472A1C9B1D3DD72500B3EED2 /* NewTimerTableViewCell.swift in Sources */,
				472A1C981D3DC6BC00B3EED2 /* NewTimerTableViewController.swift in Sources */,
				471EB62A1D3D7A6F00A8B8C7 /* AppDelegate.swift in Sources */,
				471EB64B1D3D875400A8B8C7 /* Project+CoreDataProperties.swift in Sources */,
				471EB64A1D3D875400A8B8C7 /* Timer.swift in Sources */,
				471EB63F1D3D83D600A8B8C7 /* TimerTableViewCell.swift in Sources */,
				471EB6491D3D875400A8B8C7 /* Timer+CoreDataProperties.swift in Sources */,
				471EB64C1D3D875400A8B8C7 /* Project.swift in Sources */,
			);
			runOnlyForDeploymentPostprocessing = 0;
		};
/* End PBXSourcesBuildPhase section */

/* Begin PBXVariantGroup section */
		471EB62D1D3D7A6F00A8B8C7 /* Main.storyboard */ = {
			isa = PBXVariantGroup;
			children = (
				471EB62E1D3D7A6F00A8B8C7 /* Base */,
			);
			name = Main.storyboard;
			sourceTree = "<group>";
		};
		471EB6351D3D7A6F00A8B8C7 /* LaunchScreen.storyboard */ = {
			isa = PBXVariantGroup;
			children = (
				471EB6361D3D7A6F00A8B8C7 /* Base */,
			);
			name = LaunchScreen.storyboard;
			sourceTree = "<group>";
		};
/* End PBXVariantGroup section */

/* Begin XCBuildConfiguration section */
		471EB6391D3D7A6F00A8B8C7 /* Debug */ = {
			isa = XCBuildConfiguration;
			buildSettings = {
				ALWAYS_SEARCH_USER_PATHS = NO;
				CLANG_ANALYZER_NONNULL = YES;
				CLANG_CXX_LANGUAGE_STANDARD = "gnu++0x";
				CLANG_CXX_LIBRARY = "libc++";
				CLANG_ENABLE_MODULES = YES;
				CLANG_ENABLE_OBJC_ARC = YES;
				CLANG_WARN_BOOL_CONVERSION = YES;
				CLANG_WARN_CONSTANT_CONVERSION = YES;
				CLANG_WARN_DIRECT_OBJC_ISA_USAGE = YES_ERROR;
				CLANG_WARN_EMPTY_BODY = YES;
				CLANG_WARN_ENUM_CONVERSION = YES;
				CLANG_WARN_INT_CONVERSION = YES;
				CLANG_WARN_OBJC_ROOT_CLASS = YES_ERROR;
				CLANG_WARN_UNREACHABLE_CODE = YES;
				CLANG_WARN__DUPLICATE_METHOD_MATCH = YES;
				"CODE_SIGN_IDENTITY[sdk=iphoneos*]" = "iPhone Developer";
				COPY_PHASE_STRIP = NO;
				DEBUG_INFORMATION_FORMAT = dwarf;
				ENABLE_STRICT_OBJC_MSGSEND = YES;
				ENABLE_TESTABILITY = YES;
				GCC_C_LANGUAGE_STANDARD = gnu99;
				GCC_DYNAMIC_NO_PIC = NO;
				GCC_NO_COMMON_BLOCKS = YES;
				GCC_OPTIMIZATION_LEVEL = 0;
				GCC_PREPROCESSOR_DEFINITIONS = (
					"DEBUG=1",
					"$(inherited)",
				);
				GCC_WARN_64_TO_32_BIT_CONVERSION = YES;
				GCC_WARN_ABOUT_RETURN_TYPE = YES_ERROR;
				GCC_WARN_UNDECLARED_SELECTOR = YES;
				GCC_WARN_UNINITIALIZED_AUTOS = YES_AGGRESSIVE;
				GCC_WARN_UNUSED_FUNCTION = YES;
				GCC_WARN_UNUSED_VARIABLE = YES;
				IPHONEOS_DEPLOYMENT_TARGET = 9.3;
				MTL_ENABLE_DEBUG_INFO = YES;
				ONLY_ACTIVE_ARCH = YES;
				SDKROOT = iphoneos;
				SWIFT_OPTIMIZATION_LEVEL = "-Onone";
				TARGETED_DEVICE_FAMILY = "1,2";
			};
			name = Debug;
		};
		471EB63A1D3D7A6F00A8B8C7 /* Release */ = {
			isa = XCBuildConfiguration;
			buildSettings = {
				ALWAYS_SEARCH_USER_PATHS = NO;
				CLANG_ANALYZER_NONNULL = YES;
				CLANG_CXX_LANGUAGE_STANDARD = "gnu++0x";
				CLANG_CXX_LIBRARY = "libc++";
				CLANG_ENABLE_MODULES = YES;
				CLANG_ENABLE_OBJC_ARC = YES;
				CLANG_WARN_BOOL_CONVERSION = YES;
				CLANG_WARN_CONSTANT_CONVERSION = YES;
				CLANG_WARN_DIRECT_OBJC_ISA_USAGE = YES_ERROR;
				CLANG_WARN_EMPTY_BODY = YES;
				CLANG_WARN_ENUM_CONVERSION = YES;
				CLANG_WARN_INT_CONVERSION = YES;
				CLANG_WARN_OBJC_ROOT_CLASS = YES_ERROR;
				CLANG_WARN_UNREACHABLE_CODE = YES;
				CLANG_WARN__DUPLICATE_METHOD_MATCH = YES;
				"CODE_SIGN_IDENTITY[sdk=iphoneos*]" = "iPhone Developer";
				COPY_PHASE_STRIP = NO;
				DEBUG_INFORMATION_FORMAT = "dwarf-with-dsym";
				ENABLE_NS_ASSERTIONS = NO;
				ENABLE_STRICT_OBJC_MSGSEND = YES;
				GCC_C_LANGUAGE_STANDARD = gnu99;
				GCC_NO_COMMON_BLOCKS = YES;
				GCC_WARN_64_TO_32_BIT_CONVERSION = YES;
				GCC_WARN_ABOUT_RETURN_TYPE = YES_ERROR;
				GCC_WARN_UNDECLARED_SELECTOR = YES;
				GCC_WARN_UNINITIALIZED_AUTOS = YES_AGGRESSIVE;
				GCC_WARN_UNUSED_FUNCTION = YES;
				GCC_WARN_UNUSED_VARIABLE = YES;
				IPHONEOS_DEPLOYMENT_TARGET = 9.3;
				MTL_ENABLE_DEBUG_INFO = NO;
				SDKROOT = iphoneos;
				TARGETED_DEVICE_FAMILY = "1,2";
				VALIDATE_PRODUCT = YES;
			};
			name = Release;
		};
		471EB63C1D3D7A6F00A8B8C7 /* Debug */ = {
			isa = XCBuildConfiguration;
			buildSettings = {
				ASSETCATALOG_COMPILER_APPICON_NAME = AppIcon;
				INFOPLIST_FILE = Timer/Info.plist;
				LD_RUNPATH_SEARCH_PATHS = "$(inherited) @executable_path/Frameworks";
				PRODUCT_BUNDLE_IDENTIFIER = just.for.fun.Timer;
				PRODUCT_NAME = "$(TARGET_NAME)";
			};
			name = Debug;
		};
		471EB63D1D3D7A6F00A8B8C7 /* Release */ = {
			isa = XCBuildConfiguration;
			buildSettings = {
				ASSETCATALOG_COMPILER_APPICON_NAME = AppIcon;
				INFOPLIST_FILE = Timer/Info.plist;
				LD_RUNPATH_SEARCH_PATHS = "$(inherited) @executable_path/Frameworks";
				PRODUCT_BUNDLE_IDENTIFIER = just.for.fun.Timer;
				PRODUCT_NAME = "$(TARGET_NAME)";
			};
			name = Release;
		};
/* End XCBuildConfiguration section */

/* Begin XCConfigurationList section */
		471EB6211D3D7A6E00A8B8C7 /* Build configuration list for PBXProject "Timer" */ = {
			isa = XCConfigurationList;
			buildConfigurations = (
				471EB6391D3D7A6F00A8B8C7 /* Debug */,
				471EB63A1D3D7A6F00A8B8C7 /* Release */,
			);
			defaultConfigurationIsVisible = 0;
			defaultConfigurationName = Release;
		};
		471EB63B1D3D7A6F00A8B8C7 /* Build configuration list for PBXNativeTarget "Timer" */ = {
			isa = XCConfigurationList;
			buildConfigurations = (
				471EB63C1D3D7A6F00A8B8C7 /* Debug */,
				471EB63D1D3D7A6F00A8B8C7 /* Release */,
			);
			defaultConfigurationIsVisible = 0;
			defaultConfigurationName = Release;
		};
/* End XCConfigurationList section */

/* Begin XCVersionGroup section */
		471EB6301D3D7A6F00A8B8C7 /* Timer.xcdatamodeld */ = {
			isa = XCVersionGroup;
			children = (
				471EB6311D3D7A6F00A8B8C7 /* Timer.xcdatamodel */,
			);
			currentVersion = 471EB6311D3D7A6F00A8B8C7 /* Timer.xcdatamodel */;
			path = Timer.xcdatamodeld;
			sourceTree = "<group>";
			versionGroupType = wrapper.xcdatamodel;
		};
/* End XCVersionGroup section */
	};
	rootObject = 471EB61E1D3D7A6E00A8B8C7 /* Project object */;
}
